// !$*UTF8*$!
{
	archiveVersion = 1;
	classes = {
	};
	objectVersion = 50;
	objects = {

/* Begin PBXBuildFile section */
		11AD736F214F8CBB000FB64F /* AppDelegate.swift in Sources */ = {isa = PBXBuildFile; fileRef = 11AD736E214F8CBB000FB64F /* AppDelegate.swift */; };
		11AD7371214F8CBB000FB64F /* ViewController.swift in Sources */ = {isa = PBXBuildFile; fileRef = 11AD7370214F8CBB000FB64F /* ViewController.swift */; };
		11AD7374214F8CBB000FB64F /* Main.storyboard in Resources */ = {isa = PBXBuildFile; fileRef = 11AD7372214F8CBB000FB64F /* Main.storyboard */; };
		11AD7376214F8CBF000FB64F /* Assets.xcassets in Resources */ = {isa = PBXBuildFile; fileRef = 11AD7375214F8CBF000FB64F /* Assets.xcassets */; };
		11AD7379214F8CBF000FB64F /* LaunchScreen.storyboard in Resources */ = {isa = PBXBuildFile; fileRef = 11AD7377214F8CBF000FB64F /* LaunchScreen.storyboard */; };
		11AD7384214F8CBF000FB64F /* ToDoTests.swift in Sources */ = {isa = PBXBuildFile; fileRef = 11AD7383214F8CBF000FB64F /* ToDoTests.swift */; };
		11AD738F214F8CBF000FB64F /* ToDoUITests.swift in Sources */ = {isa = PBXBuildFile; fileRef = 11AD738E214F8CBF000FB64F /* ToDoUITests.swift */; };
/* End PBXBuildFile section */

/* Begin PBXContainerItemProxy section */
		11AD7380214F8CBF000FB64F /* PBXContainerItemProxy */ = {
			isa = PBXContainerItemProxy;
			containerPortal = 11AD7363214F8CBB000FB64F /* Project object */;
			proxyType = 1;
			remoteGlobalIDString = 11AD736A214F8CBB000FB64F;
			remoteInfo = ToDo;
		};
		11AD738B214F8CBF000FB64F /* PBXContainerItemProxy */ = {
			isa = PBXContainerItemProxy;
			containerPortal = 11AD7363214F8CBB000FB64F /* Project object */;
			proxyType = 1;
			remoteGlobalIDString = 11AD736A214F8CBB000FB64F;
			remoteInfo = ToDo;
		};
/* End PBXContainerItemProxy section */

/* Begin PBXFileReference section */
		11AD736B214F8CBB000FB64F /* ToDo.app */ = {isa = PBXFileReference; explicitFileType = wrapper.application; includeInIndex = 0; path = ToDo.app; sourceTree = BUILT_PRODUCTS_DIR; };
		11AD736E214F8CBB000FB64F /* AppDelegate.swift */ = {isa = PBXFileReference; lastKnownFileType = sourcecode.swift; path = AppDelegate.swift; sourceTree = "<group>"; };
		11AD7370214F8CBB000FB64F /* ViewController.swift */ = {isa = PBXFileReference; lastKnownFileType = sourcecode.swift; path = ViewController.swift; sourceTree = "<group>"; };
		11AD7373214F8CBB000FB64F /* Base */ = {isa = PBXFileReference; lastKnownFileType = file.storyboard; name = Base; path = Base.lproj/Main.storyboard; sourceTree = "<group>"; };
		11AD7375214F8CBF000FB64F /* Assets.xcassets */ = {isa = PBXFileReference; lastKnownFileType = folder.assetcatalog; path = Assets.xcassets; sourceTree = "<group>"; };
		11AD7378214F8CBF000FB64F /* Base */ = {isa = PBXFileReference; lastKnownFileType = file.storyboard; name = Base; path = Base.lproj/LaunchScreen.storyboard; sourceTree = "<group>"; };
		11AD737A214F8CBF000FB64F /* Info.plist */ = {isa = PBXFileReference; lastKnownFileType = text.plist.xml; path = Info.plist; sourceTree = "<group>"; };
		11AD737F214F8CBF000FB64F /* ToDoTests.xctest */ = {isa = PBXFileReference; explicitFileType = wrapper.cfbundle; includeInIndex = 0; path = ToDoTests.xctest; sourceTree = BUILT_PRODUCTS_DIR; };
		11AD7383214F8CBF000FB64F /* ToDoTests.swift */ = {isa = PBXFileReference; lastKnownFileType = sourcecode.swift; path = ToDoTests.swift; sourceTree = "<group>"; };
		11AD7385214F8CBF000FB64F /* Info.plist */ = {isa = PBXFileReference; lastKnownFileType = text.plist.xml; path = Info.plist; sourceTree = "<group>"; };
		11AD738A214F8CBF000FB64F /* ToDoUITests.xctest */ = {isa = PBXFileReference; explicitFileType = wrapper.cfbundle; includeInIndex = 0; path = ToDoUITests.xctest; sourceTree = BUILT_PRODUCTS_DIR; };
		11AD738E214F8CBF000FB64F /* ToDoUITests.swift */ = {isa = PBXFileReference; lastKnownFileType = sourcecode.swift; path = ToDoUITests.swift; sourceTree = "<group>"; };
		11AD7390214F8CBF000FB64F /* Info.plist */ = {isa = PBXFileReference; lastKnownFileType = text.plist.xml; path = Info.plist; sourceTree = "<group>"; };
/* End PBXFileReference section */

/* Begin PBXFrameworksBuildPhase section */
		11AD7368214F8CBB000FB64F /* Frameworks */ = {
			isa = PBXFrameworksBuildPhase;
			buildActionMask = 2147483647;
			files = (
			);
			runOnlyForDeploymentPostprocessing = 0;
		};
		11AD737C214F8CBF000FB64F /* Frameworks */ = {
			isa = PBXFrameworksBuildPhase;
			buildActionMask = 2147483647;
			files = (
			);
			runOnlyForDeploymentPostprocessing = 0;
		};
		11AD7387214F8CBF000FB64F /* Frameworks */ = {
			isa = PBXFrameworksBuildPhase;
			buildActionMask = 2147483647;
			files = (
			);
			runOnlyForDeploymentPostprocessing = 0;
		};
/* End PBXFrameworksBuildPhase section */

/* Begin PBXGroup section */
		11AD7362214F8CBB000FB64F = {
			isa = PBXGroup;
			children = (
				11AD736D214F8CBB000FB64F /* ToDo */,
				11AD7382214F8CBF000FB64F /* ToDoTests */,
				11AD738D214F8CBF000FB64F /* ToDoUITests */,
				11AD736C214F8CBB000FB64F /* Products */,
			);
			sourceTree = "<group>";
		};
		11AD736C214F8CBB000FB64F /* Products */ = {
			isa = PBXGroup;
			children = (
				11AD736B214F8CBB000FB64F /* ToDo.app */,
				11AD737F214F8CBF000FB64F /* ToDoTests.xctest */,
				11AD738A214F8CBF000FB64F /* ToDoUITests.xctest */,
			);
			name = Products;
			sourceTree = "<group>";
		};
		11AD736D214F8CBB000FB64F /* ToDo */ = {
			isa = PBXGroup;
			children = (
				11AD736E214F8CBB000FB64F /* AppDelegate.swift */,
				11AD7370214F8CBB000FB64F /* ViewController.swift */,
				11AD7372214F8CBB000FB64F /* Main.storyboard */,
				11AD7375214F8CBF000FB64F /* Assets.xcassets */,
				11AD7377214F8CBF000FB64F /* LaunchScreen.storyboard */,
				11AD737A214F8CBF000FB64F /* Info.plist */,
			);
			path = ToDo;
			sourceTree = "<group>";
		};
		11AD7382214F8CBF000FB64F /* ToDoTests */ = {
			isa = PBXGroup;
			children = (
				11AD7383214F8CBF000FB64F /* ToDoTests.swift */,
				11AD7385214F8CBF000FB64F /* Info.plist */,
			);
			path = ToDoTests;
			sourceTree = "<group>";
		};
		11AD738D214F8CBF000FB64F /* ToDoUITests */ = {
			isa = PBXGroup;
			children = (
				11AD738E214F8CBF000FB64F /* ToDoUITests.swift */,
				11AD7390214F8CBF000FB64F /* Info.plist */,
			);
			path = ToDoUITests;
			sourceTree = "<group>";
		};
/* End PBXGroup section */

/* Begin PBXNativeTarget section */
		11AD736A214F8CBB000FB64F /* ToDo */ = {
			isa = PBXNativeTarget;
			buildConfigurationList = 11AD7393214F8CBF000FB64F /* Build configuration list for PBXNativeTarget "ToDo" */;
			buildPhases = (
				11AD7367214F8CBB000FB64F /* Sources */,
				11AD7368214F8CBB000FB64F /* Frameworks */,
				11AD7369214F8CBB000FB64F /* Resources */,
			);
			buildRules = (
			);
			dependencies = (
			);
			name = ToDo;
			productName = ToDo;
			productReference = 11AD736B214F8CBB000FB64F /* ToDo.app */;
			productType = "com.apple.product-type.application";
		};
		11AD737E214F8CBF000FB64F /* ToDoTests */ = {
			isa = PBXNativeTarget;
			buildConfigurationList = 11AD7396214F8CBF000FB64F /* Build configuration list for PBXNativeTarget "ToDoTests" */;
			buildPhases = (
				11AD737B214F8CBF000FB64F /* Sources */,
				11AD737C214F8CBF000FB64F /* Frameworks */,
				11AD737D214F8CBF000FB64F /* Resources */,
			);
			buildRules = (
			);
			dependencies = (
				11AD7381214F8CBF000FB64F /* PBXTargetDependency */,
			);
			name = ToDoTests;
			productName = ToDoTests;
			productReference = 11AD737F214F8CBF000FB64F /* ToDoTests.xctest */;
			productType = "com.apple.product-type.bundle.unit-test";
		};
		11AD7389214F8CBF000FB64F /* ToDoUITests */ = {
			isa = PBXNativeTarget;
			buildConfigurationList = 11AD7399214F8CBF000FB64F /* Build configuration list for PBXNativeTarget "ToDoUITests" */;
			buildPhases = (
				11AD7386214F8CBF000FB64F /* Sources */,
				11AD7387214F8CBF000FB64F /* Frameworks */,
				11AD7388214F8CBF000FB64F /* Resources */,
			);
			buildRules = (
			);
			dependencies = (
				11AD738C214F8CBF000FB64F /* PBXTargetDependency */,
			);
			name = ToDoUITests;
			productName = ToDoUITests;
			productReference = 11AD738A214F8CBF000FB64F /* ToDoUITests.xctest */;
			productType = "com.apple.product-type.bundle.ui-testing";
		};
/* End PBXNativeTarget section */

/* Begin PBXProject section */
		11AD7363214F8CBB000FB64F /* Project object */ = {
			isa = PBXProject;
			attributes = {
				LastSwiftUpdateCheck = 0940;
				LastUpgradeCheck = 0940;
				ORGANIZATIONNAME = "末吉亮太";
				TargetAttributes = {
					11AD736A214F8CBB000FB64F = {
						CreatedOnToolsVersion = 9.4.1;
					};
					11AD737E214F8CBF000FB64F = {
						CreatedOnToolsVersion = 9.4.1;
						TestTargetID = 11AD736A214F8CBB000FB64F;
					};
					11AD7389214F8CBF000FB64F = {
						CreatedOnToolsVersion = 9.4.1;
						TestTargetID = 11AD736A214F8CBB000FB64F;
					};
				};
			};
			buildConfigurationList = 11AD7366214F8CBB000FB64F /* Build configuration list for PBXProject "ToDo" */;
			compatibilityVersion = "Xcode 9.3";
			developmentRegion = en;
			hasScannedForEncodings = 0;
			knownRegions = (
				en,
				Base,
			);
			mainGroup = 11AD7362214F8CBB000FB64F;
			productRefGroup = 11AD736C214F8CBB000FB64F /* Products */;
			projectDirPath = "";
			projectRoot = "";
			targets = (
				11AD736A214F8CBB000FB64F /* ToDo */,
				11AD737E214F8CBF000FB64F /* ToDoTests */,
				11AD7389214F8CBF000FB64F /* ToDoUITests */,
			);
		};
/* End PBXProject section */

/* Begin PBXResourcesBuildPhase section */
		11AD7369214F8CBB000FB64F /* Resources */ = {
			isa = PBXResourcesBuildPhase;
			buildActionMask = 2147483647;
			files = (
				11AD7379214F8CBF000FB64F /* LaunchScreen.storyboard in Resources */,
				11AD7376214F8CBF000FB64F /* Assets.xcassets in Resources */,
				11AD7374214F8CBB000FB64F /* Main.storyboard in Resources */,
			);
			runOnlyForDeploymentPostprocessing = 0;
		};
		11AD737D214F8CBF000FB64F /* Resources */ = {
			isa = PBXResourcesBuildPhase;
			buildActionMask = 2147483647;
			files = (
			);
			runOnlyForDeploymentPostprocessing = 0;
		};
		11AD7388214F8CBF000FB64F /* Resources */ = {
			isa = PBXResourcesBuildPhase;
			buildActionMask = 2147483647;
			files = (
			);
			runOnlyForDeploymentPostprocessing = 0;
		};
/* End PBXResourcesBuildPhase section */

/* Begin PBXSourcesBuildPhase section */
		11AD7367214F8CBB000FB64F /* Sources */ = {
			isa = PBXSourcesBuildPhase;
			buildActionMask = 2147483647;
			files = (
				11AD7371214F8CBB000FB64F /* ViewController.swift in Sources */,
				11AD736F214F8CBB000FB64F /* AppDelegate.swift in Sources */,
			);
			runOnlyForDeploymentPostprocessing = 0;
		};
		11AD737B214F8CBF000FB64F /* Sources */ = {
			isa = PBXSourcesBuildPhase;
			buildActionMask = 2147483647;
			files = (
				11AD7384214F8CBF000FB64F /* ToDoTests.swift in Sources */,
			);
			runOnlyForDeploymentPostprocessing = 0;
		};
		11AD7386214F8CBF000FB64F /* Sources */ = {
			isa = PBXSourcesBuildPhase;
			buildActionMask = 2147483647;
			files = (
				11AD738F214F8CBF000FB64F /* ToDoUITests.swift in Sources */,
			);
			runOnlyForDeploymentPostprocessing = 0;
		};
/* End PBXSourcesBuildPhase section */

/* Begin PBXTargetDependency section */
		11AD7381214F8CBF000FB64F /* PBXTargetDependency */ = {
			isa = PBXTargetDependency;
			target = 11AD736A214F8CBB000FB64F /* ToDo */;
			targetProxy = 11AD7380214F8CBF000FB64F /* PBXContainerItemProxy */;
		};
		11AD738C214F8CBF000FB64F /* PBXTargetDependency */ = {
			isa = PBXTargetDependency;
			target = 11AD736A214F8CBB000FB64F /* ToDo */;
			targetProxy = 11AD738B214F8CBF000FB64F /* PBXContainerItemProxy */;
		};
/* End PBXTargetDependency section */

/* Begin PBXVariantGroup section */
		11AD7372214F8CBB000FB64F /* Main.storyboard */ = {
			isa = PBXVariantGroup;
			children = (
				11AD7373214F8CBB000FB64F /* Base */,
			);
			name = Main.storyboard;
			sourceTree = "<group>";
		};
		11AD7377214F8CBF000FB64F /* LaunchScreen.storyboard */ = {
			isa = PBXVariantGroup;
			children = (
				11AD7378214F8CBF000FB64F /* Base */,
			);
			name = LaunchScreen.storyboard;
			sourceTree = "<group>";
		};
/* End PBXVariantGroup section */

/* Begin XCBuildConfiguration section */
		11AD7391214F8CBF000FB64F /* Debug */ = {
			isa = XCBuildConfiguration;
			buildSettings = {
				ALWAYS_SEARCH_USER_PATHS = NO;
				CLANG_ANALYZER_NONNULL = YES;
				CLANG_ANALYZER_NUMBER_OBJECT_CONVERSION = YES_AGGRESSIVE;
				CLANG_CXX_LANGUAGE_STANDARD = "gnu++14";
				CLANG_CXX_LIBRARY = "libc++";
				CLANG_ENABLE_MODULES = YES;
				CLANG_ENABLE_OBJC_ARC = YES;
				CLANG_ENABLE_OBJC_WEAK = YES;
				CLANG_WARN_BLOCK_CAPTURE_AUTORELEASING = YES;
				CLANG_WARN_BOOL_CONVERSION = YES;
				CLANG_WARN_COMMA = YES;
				CLANG_WARN_CONSTANT_CONVERSION = YES;
				CLANG_WARN_DEPRECATED_OBJC_IMPLEMENTATIONS = YES;
				CLANG_WARN_DIRECT_OBJC_ISA_USAGE = YES_ERROR;
				CLANG_WARN_DOCUMENTATION_COMMENTS = YES;
				CLANG_WARN_EMPTY_BODY = YES;
				CLANG_WARN_ENUM_CONVERSION = YES;
				CLANG_WARN_INFINITE_RECURSION = YES;
				CLANG_WARN_INT_CONVERSION = YES;
				CLANG_WARN_NON_LITERAL_NULL_CONVERSION = YES;
				CLANG_WARN_OBJC_IMPLICIT_RETAIN_SELF = YES;
				CLANG_WARN_OBJC_LITERAL_CONVERSION = YES;
				CLANG_WARN_OBJC_ROOT_CLASS = YES_ERROR;
				CLANG_WARN_RANGE_LOOP_ANALYSIS = YES;
				CLANG_WARN_STRICT_PROTOTYPES = YES;
				CLANG_WARN_SUSPICIOUS_MOVE = YES;
				CLANG_WARN_UNGUARDED_AVAILABILITY = YES_AGGRESSIVE;
				CLANG_WARN_UNREACHABLE_CODE = YES;
				CLANG_WARN__DUPLICATE_METHOD_MATCH = YES;
				CODE_SIGN_IDENTITY = "iPhone Developer";
				COPY_PHASE_STRIP = NO;
				DEBUG_INFORMATION_FORMAT = dwarf;
				ENABLE_STRICT_OBJC_MSGSEND = YES;
				ENABLE_TESTABILITY = YES;
				GCC_C_LANGUAGE_STANDARD = gnu11;
				GCC_DYNAMIC_NO_PIC = NO;
				GCC_NO_COMMON_BLOCKS = YES;
				GCC_OPTIMIZATION_LEVEL = 0;
				GCC_PREPROCESSOR_DEFINITIONS = (
					"DEBUG=1",
					"$(inherited)",
				);
				GCC_WARN_64_TO_32_BIT_CONVERSION = YES;
				GCC_WARN_ABOUT_RETURN_TYPE = YES_ERROR;
				GCC_WARN_UNDECLARED_SELECTOR = YES;
				GCC_WARN_UNINITIALIZED_AUTOS = YES_AGGRESSIVE;
				GCC_WARN_UNUSED_FUNCTION = YES;
				GCC_WARN_UNUSED_VARIABLE = YES;
				IPHONEOS_DEPLOYMENT_TARGET = 11.4;
				MTL_ENABLE_DEBUG_INFO = YES;
				ONLY_ACTIVE_ARCH = YES;
				SDKROOT = iphoneos;
				SWIFT_ACTIVE_COMPILATION_CONDITIONS = DEBUG;
				SWIFT_OPTIMIZATION_LEVEL = "-Onone";
			};
			name = Debug;
		};
		11AD7392214F8CBF000FB64F /* Release */ = {
			isa = XCBuildConfiguration;
			buildSettings = {
				ALWAYS_SEARCH_USER_PATHS = NO;
				CLANG_ANALYZER_NONNULL = YES;
				CLANG_ANALYZER_NUMBER_OBJECT_CONVERSION = YES_AGGRESSIVE;
				CLANG_CXX_LANGUAGE_STANDARD = "gnu++14";
				CLANG_CXX_LIBRARY = "libc++";
				CLANG_ENABLE_MODULES = YES;
				CLANG_ENABLE_OBJC_ARC = YES;
				CLANG_ENABLE_OBJC_WEAK = YES;
				CLANG_WARN_BLOCK_CAPTURE_AUTORELEASING = YES;
				CLANG_WARN_BOOL_CONVERSION = YES;
				CLANG_WARN_COMMA = YES;
				CLANG_WARN_CONSTANT_CONVERSION = YES;
				CLANG_WARN_DEPRECATED_OBJC_IMPLEMENTATIONS = YES;
				CLANG_WARN_DIRECT_OBJC_ISA_USAGE = YES_ERROR;
				CLANG_WARN_DOCUMENTATION_COMMENTS = YES;
				CLANG_WARN_EMPTY_BODY = YES;
				CLANG_WARN_ENUM_CONVERSION = YES;
				CLANG_WARN_INFINITE_RECURSION = YES;
				CLANG_WARN_INT_CONVERSION = YES;
				CLANG_WARN_NON_LITERAL_NULL_CONVERSION = YES;
				CLANG_WARN_OBJC_IMPLICIT_RETAIN_SELF = YES;
				CLANG_WARN_OBJC_LITERAL_CONVERSION = YES;
				CLANG_WARN_OBJC_ROOT_CLASS = YES_ERROR;
				CLANG_WARN_RANGE_LOOP_ANALYSIS = YES;
				CLANG_WARN_STRICT_PROTOTYPES = YES;
				CLANG_WARN_SUSPICIOUS_MOVE = YES;
				CLANG_WARN_UNGUARDED_AVAILABILITY = YES_AGGRESSIVE;
				CLANG_WARN_UNREACHABLE_CODE = YES;
				CLANG_WARN__DUPLICATE_METHOD_MATCH = YES;
				CODE_SIGN_IDENTITY = "iPhone Developer";
				COPY_PHASE_STRIP = NO;
				DEBUG_INFORMATION_FORMAT = "dwarf-with-dsym";
				ENABLE_NS_ASSERTIONS = NO;
				ENABLE_STRICT_OBJC_MSGSEND = YES;
				GCC_C_LANGUAGE_STANDARD = gnu11;
				GCC_NO_COMMON_BLOCKS = YES;
				GCC_WARN_64_TO_32_BIT_CONVERSION = YES;
				GCC_WARN_ABOUT_RETURN_TYPE = YES_ERROR;
				GCC_WARN_UNDECLARED_SELECTOR = YES;
				GCC_WARN_UNINITIALIZED_AUTOS = YES_AGGRESSIVE;
				GCC_WARN_UNUSED_FUNCTION = YES;
				GCC_WARN_UNUSED_VARIABLE = YES;
				IPHONEOS_DEPLOYMENT_TARGET = 11.4;
				MTL_ENABLE_DEBUG_INFO = NO;
				SDKROOT = iphoneos;
				SWIFT_COMPILATION_MODE = wholemodule;
				SWIFT_OPTIMIZATION_LEVEL = "-O";
				VALIDATE_PRODUCT = YES;
			};
			name = Release;
		};
		11AD7394214F8CBF000FB64F /* Debug */ = {
			isa = XCBuildConfiguration;
			buildSettings = {
				ASSETCATALOG_COMPILER_APPICON_NAME = AppIcon;
				CODE_SIGN_STYLE = Automatic;
				INFOPLIST_FILE = ToDo/Info.plist;
				LD_RUNPATH_SEARCH_PATHS = (
					"$(inherited)",
					"@executable_path/Frameworks",
				);
				PRODUCT_BUNDLE_IDENTIFIER = com.litech.ToDo;
				PRODUCT_NAME = "$(TARGET_NAME)";
				SWIFT_VERSION = 4.0;
				TARGETED_DEVICE_FAMILY = "1,2";
			};
			name = Debug;
		};
		11AD7395214F8CBF000FB64F /* Release */ = {
			isa = XCBuildConfiguration;
			buildSettings = {
				ASSETCATALOG_COMPILER_APPICON_NAME = AppIcon;
				CODE_SIGN_STYLE = Automatic;
				INFOPLIST_FILE = ToDo/Info.plist;
				LD_RUNPATH_SEARCH_PATHS = (
					"$(inherited)",
					"@executable_path/Frameworks",
				);
				PRODUCT_BUNDLE_IDENTIFIER = com.litech.ToDo;
				PRODUCT_NAME = "$(TARGET_NAME)";
				SWIFT_VERSION = 4.0;
				TARGETED_DEVICE_FAMILY = "1,2";
			};
			name = Release;
		};
		11AD7397214F8CBF000FB64F /* Debug */ = {
			isa = XCBuildConfiguration;
			buildSettings = {
				ALWAYS_EMBED_SWIFT_STANDARD_LIBRARIES = YES;
				BUNDLE_LOADER = "$(TEST_HOST)";
				CODE_SIGN_STYLE = Automatic;
				INFOPLIST_FILE = ToDoTests/Info.plist;
				LD_RUNPATH_SEARCH_PATHS = (
					"$(inherited)",
					"@executable_path/Frameworks",
					"@loader_path/Frameworks",
				);
				PRODUCT_BUNDLE_IDENTIFIER = com.litech.ToDoTests;
				PRODUCT_NAME = "$(TARGET_NAME)";
				SWIFT_VERSION = 4.0;
				TARGETED_DEVICE_FAMILY = "1,2";
				TEST_HOST = "$(BUILT_PRODUCTS_DIR)/ToDo.app/ToDo";
			};
			name = Debug;
		};
		11AD7398214F8CBF000FB64F /* Release */ = {
			isa = XCBuildConfiguration;
			buildSettings = {
				ALWAYS_EMBED_SWIFT_STANDARD_LIBRARIES = YES;
				BUNDLE_LOADER = "$(TEST_HOST)";
				CODE_SIGN_STYLE = Automatic;
				INFOPLIST_FILE = ToDoTests/Info.plist;
				LD_RUNPATH_SEARCH_PATHS = (
					"$(inherited)",
					"@executable_path/Frameworks",
					"@loader_path/Frameworks",
				);
				PRODUCT_BUNDLE_IDENTIFIER = com.litech.ToDoTests;
				PRODUCT_NAME = "$(TARGET_NAME)";
				SWIFT_VERSION = 4.0;
				TARGETED_DEVICE_FAMILY = "1,2";
				TEST_HOST = "$(BUILT_PRODUCTS_DIR)/ToDo.app/ToDo";
			};
			name = Release;
		};
		11AD739A214F8CBF000FB64F /* Debug */ = {
			isa = XCBuildConfiguration;
			buildSettings = {
				ALWAYS_EMBED_SWIFT_STANDARD_LIBRARIES = YES;
				CODE_SIGN_STYLE = Automatic;
				INFOPLIST_FILE = ToDoUITests/Info.plist;
				LD_RUNPATH_SEARCH_PATHS = (
					"$(inherited)",
					"@executable_path/Frameworks",
					"@loader_path/Frameworks",
				);
				PRODUCT_BUNDLE_IDENTIFIER = com.litech.ToDoUITests;
				PRODUCT_NAME = "$(TARGET_NAME)";
				SWIFT_VERSION = 4.0;
				TARGETED_DEVICE_FAMILY = "1,2";
				TEST_TARGET_NAME = ToDo;
			};
			name = Debug;
		};
		11AD739B214F8CBF000FB64F /* Release */ = {
			isa = XCBuildConfiguration;
			buildSettings = {
				ALWAYS_EMBED_SWIFT_STANDARD_LIBRARIES = YES;
				CODE_SIGN_STYLE = Automatic;
				INFOPLIST_FILE = ToDoUITests/Info.plist;
				LD_RUNPATH_SEARCH_PATHS = (
					"$(inherited)",
					"@executable_path/Frameworks",
					"@loader_path/Frameworks",
				);
				PRODUCT_BUNDLE_IDENTIFIER = com.litech.ToDoUITests;
				PRODUCT_NAME = "$(TARGET_NAME)";
				SWIFT_VERSION = 4.0;
				TARGETED_DEVICE_FAMILY = "1,2";
				TEST_TARGET_NAME = ToDo;
			};
			name = Release;
		};
/* End XCBuildConfiguration section */

/* Begin XCConfigurationList section */
		11AD7366214F8CBB000FB64F /* Build configuration list for PBXProject "ToDo" */ = {
			isa = XCConfigurationList;
			buildConfigurations = (
				11AD7391214F8CBF000FB64F /* Debug */,
				11AD7392214F8CBF000FB64F /* Release */,
			);
			defaultConfigurationIsVisible = 0;
			defaultConfigurationName = Release;
		};
		11AD7393214F8CBF000FB64F /* Build configuration list for PBXNativeTarget "ToDo" */ = {
			isa = XCConfigurationList;
			buildConfigurations = (
				11AD7394214F8CBF000FB64F /* Debug */,
				11AD7395214F8CBF000FB64F /* Release */,
			);
			defaultConfigurationIsVisible = 0;
			defaultConfigurationName = Release;
		};
		11AD7396214F8CBF000FB64F /* Build configuration list for PBXNativeTarget "ToDoTests" */ = {
			isa = XCConfigurationList;
			buildConfigurations = (
				11AD7397214F8CBF000FB64F /* Debug */,
				11AD7398214F8CBF000FB64F /* Release */,
			);
			defaultConfigurationIsVisible = 0;
			defaultConfigurationName = Release;
		};
		11AD7399214F8CBF000FB64F /* Build configuration list for PBXNativeTarget "ToDoUITests" */ = {
			isa = XCConfigurationList;
			buildConfigurations = (
				11AD739A214F8CBF000FB64F /* Debug */,
				11AD739B214F8CBF000FB64F /* Release */,
			);
			defaultConfigurationIsVisible = 0;
			defaultConfigurationName = Release;
		};
/* End XCConfigurationList section */
	};
	rootObject = 11AD7363214F8CBB000FB64F /* Project object */;
}
